// !$*UTF8*$!
{
	archiveVersion = 1;
	classes = {
	};
	objectVersion = 46;
	objects = {

/* Begin PBXBuildFile section */
		04667A5E1EC706D8001A5CEA /* main.m in Sources */ = {isa = PBXBuildFile; fileRef = 04667A5D1EC706D8001A5CEA /* main.m */; };
		04667A661EC70B19001A5CEA /* filosofer.m in Sources */ = {isa = PBXBuildFile; fileRef = 04667A651EC70B19001A5CEA /* filosofer.m */; };
		04667A691EC711DE001A5CEA /* stick.m in Sources */ = {isa = PBXBuildFile; fileRef = 04667A681EC711DE001A5CEA /* stick.m */; };
/* End PBXBuildFile section */

/* Begin PBXCopyFilesBuildPhase section */
		04667A581EC706D7001A5CEA /* CopyFiles */ = {
			isa = PBXCopyFilesBuildPhase;
			buildActionMask = 2147483647;
			dstPath = /usr/share/man/man1/;
			dstSubfolderSpec = 0;
			files = (
			);
			runOnlyForDeploymentPostprocessing = 1;
		};
/* End PBXCopyFilesBuildPhase section */

/* Begin PBXFileReference section */
		04667A5A1EC706D8001A5CEA /* thread */ = {isa = PBXFileReference; explicitFileType = "compiled.mach-o.executable"; includeInIndex = 0; path = thread; sourceTree = BUILT_PRODUCTS_DIR; };
		04667A5D1EC706D8001A5CEA /* main.m */ = {isa = PBXFileReference; lastKnownFileType = sourcecode.c.objc; path = main.m; sourceTree = "<group>"; };
		04667A641EC70B19001A5CEA /* filosofer.h */ = {isa = PBXFileReference; fileEncoding = 4; lastKnownFileType = sourcecode.c.h; path = filosofer.h; sourceTree = "<group>"; };
		04667A651EC70B19001A5CEA /* filosofer.m */ = {isa = PBXFileReference; fileEncoding = 4; lastKnownFileType = sourcecode.c.objc; path = filosofer.m; sourceTree = "<group>"; };
		04667A671EC711DE001A5CEA /* stick.h */ = {isa = PBXFileReference; fileEncoding = 4; lastKnownFileType = sourcecode.c.h; path = stick.h; sourceTree = "<group>"; };
		04667A681EC711DE001A5CEA /* stick.m */ = {isa = PBXFileReference; fileEncoding = 4; lastKnownFileType = sourcecode.c.objc; path = stick.m; sourceTree = "<group>"; };
/* End PBXFileReference section */

/* Begin PBXFrameworksBuildPhase section */
		04667A571EC706D7001A5CEA /* Frameworks */ = {
			isa = PBXFrameworksBuildPhase;
			buildActionMask = 2147483647;
			files = (
			);
			runOnlyForDeploymentPostprocessing = 0;
		};
/* End PBXFrameworksBuildPhase section */

/* Begin PBXGroup section */
		04667A511EC706D7001A5CEA = {
			isa = PBXGroup;
			children = (
				04667A5C1EC706D8001A5CEA /* thread */,
				04667A5B1EC706D8001A5CEA /* Products */,
			);
			sourceTree = "<group>";
		};
		04667A5B1EC706D8001A5CEA /* Products */ = {
			isa = PBXGroup;
			children = (
				04667A5A1EC706D8001A5CEA /* thread */,
			);
			name = Products;
			sourceTree = "<group>";
		};
		04667A5C1EC706D8001A5CEA /* thread */ = {
			isa = PBXGroup;
			children = (
				04667A5D1EC706D8001A5CEA /* main.m */,
				04667A671EC711DE001A5CEA /* stick.h */,
				04667A681EC711DE001A5CEA /* stick.m */,
				04667A641EC70B19001A5CEA /* filosofer.h */,
				04667A651EC70B19001A5CEA /* filosofer.m */,
			);
			path = thread;
			sourceTree = "<group>";
		};
/* End PBXGroup section */

/* Begin PBXNativeTarget section */
		04667A591EC706D7001A5CEA /* thread */ = {
			isa = PBXNativeTarget;
			buildConfigurationList = 04667A611EC706D8001A5CEA /* Build configuration list for PBXNativeTarget "thread" */;
			buildPhases = (
				04667A561EC706D7001A5CEA /* Sources */,
				04667A571EC706D7001A5CEA /* Frameworks */,
				04667A581EC706D7001A5CEA /* CopyFiles */,
			);
			buildRules = (
			);
			dependencies = (
			);
			name = thread;
			productName = thread;
			productReference = 04667A5A1EC706D8001A5CEA /* thread */;
			productType = "com.apple.product-type.tool";
		};
/* End PBXNativeTarget section */

/* Begin PBXProject section */
		04667A521EC706D7001A5CEA /* Project object */ = {
			isa = PBXProject;
			attributes = {
				LastUpgradeCheck = 0820;
				ORGANIZATIONNAME = user;
				TargetAttributes = {
					04667A591EC706D7001A5CEA = {
						CreatedOnToolsVersion = 8.2.1;
						ProvisioningStyle = Automatic;
					};
				};
			};
			buildConfigurationList = 04667A551EC706D7001A5CEA /* Build configuration list for PBXProject "thread" */;
			compatibilityVersion = "Xcode 3.2";
			developmentRegion = English;
			hasScannedForEncodings = 0;
			knownRegions = (
				en,
			);
			mainGroup = 04667A511EC706D7001A5CEA;
			productRefGroup = 04667A5B1EC706D8001A5CEA /* Products */;
			projectDirPath = "";
			projectRoot = "";
			targets = (
				04667A591EC706D7001A5CEA /* thread */,
			);
		};
/* End PBXProject section */

/* Begin PBXSourcesBuildPhase section */
		04667A561EC706D7001A5CEA /* Sources */ = {
			isa = PBXSourcesBuildPhase;
			buildActionMask = 2147483647;
			files = (
				04667A691EC711DE001A5CEA /* stick.m in Sources */,
				04667A5E1EC706D8001A5CEA /* main.m in Sources */,
				04667A661EC70B19001A5CEA /* filosofer.m in Sources */,
			);
			runOnlyForDeploymentPostprocessing = 0;
		};
/* End PBXSourcesBuildPhase section */

/* Begin XCBuildConfiguration section */
		04667A5F1EC706D8001A5CEA /* Debug */ = {
			isa = XCBuildConfiguration;
			buildSettings = {
				ALWAYS_SEARCH_USER_PATHS = NO;
				CLANG_ANALYZER_NONNULL = YES;
				CLANG_CXX_LANGUAGE_STANDARD = "gnu++0x";
				CLANG_CXX_LIBRARY = "libc++";
				CLANG_ENABLE_MODULES = YES;
				CLANG_ENABLE_OBJC_ARC = YES;
				CLANG_WARN_BOOL_CONVERSION = YES;
				CLANG_WARN_CONSTANT_CONVERSION = YES;
				CLANG_WARN_DIRECT_OBJC_ISA_USAGE = YES_ERROR;
				CLANG_WARN_DOCUMENTATION_COMMENTS = YES;
				CLANG_WARN_EMPTY_BODY = YES;
				CLANG_WARN_ENUM_CONVERSION = YES;
				CLANG_WARN_INFINITE_RECURSION = YES;
				CLANG_WARN_INT_CONVERSION = YES;
				CLANG_WARN_OBJC_ROOT_CLASS = YES_ERROR;
				CLANG_WARN_SUSPICIOUS_MOVE = YES;
				CLANG_WARN_UNREACHABLE_CODE = YES;
				CLANG_WARN__DUPLICATE_METHOD_MATCH = YES;
				CODE_SIGN_IDENTITY = "-";
				COPY_PHASE_STRIP = NO;
				DEBUG_INFORMATION_FORMAT = dwarf;
				ENABLE_STRICT_OBJC_MSGSEND = YES;
				ENABLE_TESTABILITY = YES;
				GCC_C_LANGUAGE_STANDARD = gnu99;
				GCC_DYNAMIC_NO_PIC = NO;
				GCC_NO_COMMON_BLOCKS = YES;
				GCC_OPTIMIZATION_LEVEL = 0;
				GCC_PREPROCESSOR_DEFINITIONS = (
					"DEBUG=1",
					"$(inherited)",
				);
				GCC_WARN_64_TO_32_BIT_CONVERSION = YES;
				GCC_WARN_ABOUT_RETURN_TYPE = YES_ERROR;
				GCC_WARN_UNDECLARED_SELECTOR = YES;
				GCC_WARN_UNINITIALIZED_AUTOS = YES_AGGRESSIVE;
				GCC_WARN_UNUSED_FUNCTION = YES;
				GCC_WARN_UNUSED_VARIABLE = YES;
				MACOSX_DEPLOYMENT_TARGET = 10.12;
				MTL_ENABLE_DEBUG_INFO = YES;
				ONLY_ACTIVE_ARCH = YES;
				SDKROOT = macosx;
			};
			name = Debug;
		};
		04667A601EC706D8001A5CEA /* Release */ = {
			isa = XCBuildConfiguration;
			buildSettings = {
				ALWAYS_SEARCH_USER_PATHS = NO;
				CLANG_ANALYZER_NONNULL = YES;
				CLANG_CXX_LANGUAGE_STANDARD = "gnu++0x";
				CLANG_CXX_LIBRARY = "libc++";
				CLANG_ENABLE_MODULES = YES;
				CLANG_ENABLE_OBJC_ARC = YES;
				CLANG_WARN_BOOL_CONVERSION = YES;
				CLANG_WARN_CONSTANT_CONVERSION = YES;
				CLANG_WARN_DIRECT_OBJC_ISA_USAGE = YES_ERROR;
				CLANG_WARN_DOCUMENTATION_COMMENTS = YES;
				CLANG_WARN_EMPTY_BODY = YES;
				CLANG_WARN_ENUM_CONVERSION = YES;
				CLANG_WARN_INFINITE_RECURSION = YES;
				CLANG_WARN_INT_CONVERSION = YES;
				CLANG_WARN_OBJC_ROOT_CLASS = YES_ERROR;
				CLANG_WARN_SUSPICIOUS_MOVE = YES;
				CLANG_WARN_UNREACHABLE_CODE = YES;
				CLANG_WARN__DUPLICATE_METHOD_MATCH = YES;
				CODE_SIGN_IDENTITY = "-";
				COPY_PHASE_STRIP = NO;
				DEBUG_INFORMATION_FORMAT = "dwarf-with-dsym";
				ENABLE_NS_ASSERTIONS = NO;
				ENABLE_STRICT_OBJC_MSGSEND = YES;
				GCC_C_LANGUAGE_STANDARD = gnu99;
				GCC_NO_COMMON_BLOCKS = YES;
				GCC_WARN_64_TO_32_BIT_CONVERSION = YES;
				GCC_WARN_ABOUT_RETURN_TYPE = YES_ERROR;
				GCC_WARN_UNDECLARED_SELECTOR = YES;
				GCC_WARN_UNINITIALIZED_AUTOS = YES_AGGRESSIVE;
				GCC_WARN_UNUSED_FUNCTION = YES;
				GCC_WARN_UNUSED_VARIABLE = YES;
				MACOSX_DEPLOYMENT_TARGET = 10.12;
				MTL_ENABLE_DEBUG_INFO = NO;
				SDKROOT = macosx;
			};
			name = Release;
		};
		04667A621EC706D8001A5CEA /* Debug */ = {
			isa = XCBuildConfiguration;
			buildSettings = {
				PRODUCT_NAME = "$(TARGET_NAME)";
			};
			name = Debug;
		};
		04667A631EC706D8001A5CEA /* Release */ = {
			isa = XCBuildConfiguration;
			buildSettings = {
				PRODUCT_NAME = "$(TARGET_NAME)";
			};
			name = Release;
		};
/* End XCBuildConfiguration section */

/* Begin XCConfigurationList section */
		04667A551EC706D7001A5CEA /* Build configuration list for PBXProject "thread" */ = {
			isa = XCConfigurationList;
			buildConfigurations = (
				04667A5F1EC706D8001A5CEA /* Debug */,
				04667A601EC706D8001A5CEA /* Release */,
			);
			defaultConfigurationIsVisible = 0;
			defaultConfigurationName = Release;
		};
		04667A611EC706D8001A5CEA /* Build configuration list for PBXNativeTarget "thread" */ = {
			isa = XCConfigurationList;
			buildConfigurations = (
				04667A621EC706D8001A5CEA /* Debug */,
				04667A631EC706D8001A5CEA /* Release */,
			);
			defaultConfigurationIsVisible = 0;
		};
/* End XCConfigurationList section */
	};
	rootObject = 04667A521EC706D7001A5CEA /* Project object */;
}
